
Microsoft Visual Studio Solution File, Format Version 12.00
# Visual Studio Version 17
VisualStudioVersion = 17.9.34622.214
MinimumVisualStudioVersion = 10.0.40219.1
Project("{FAE04EC0-301F-11D3-BF4B-00C04F79EFBC}") = "leson_04_dz_04_", "leson_04_dz_04_.csproj", "{9B94782D-6C32-4ED0-BF55-08ACF2AAC1CB}"
EndProject
Global
	GlobalSection(SolutionConfigurationPlatforms) = preSolution
		Debug|Any CPU = Debug|Any CPU
		Release|Any CPU = Release|Any CPU
	EndGlobalSection
	GlobalSection(ProjectConfigurationPlatforms) = postSolution
		{9B94782D-6C32-4ED0-BF55-08ACF2AAC1CB}.Debug|Any CPU.ActiveCfg = Debug|Any CPU
		{9B94782D-6C32-4ED0-BF55-08ACF2AAC1CB}.Debug|Any CPU.Build.0 = Debug|Any CPU
		{9B94782D-6C32-4ED0-BF55-08ACF2AAC1CB}.Release|Any CPU.ActiveCfg = Release|Any CPU
		{9B94782D-6C32-4ED0-BF55-08ACF2AAC1CB}.Release|Any CPU.Build.0 = Release|Any CPU
	EndGlobalSection
	GlobalSection(SolutionProperties) = preSolution
		HideSolutionNode = FALSE
	EndGlobalSection
	GlobalSection(ExtensibilityGlobals) = postSolution
		SolutionGuid = {383CF363-5651-4C2A-B4D8-FAE600F0B6A9}
	EndGlobalSection
EndGlobal
